
Microsoft Visual Studio Solution File, Format Version 12.00
# Visual Studio Version 17
VisualStudioVersion = 17.5.002.0
MinimumVisualStudioVersion = 10.0.40219.1
Project("{9A19103F-16F7-4668-BE54-9A1E7A4F7556}") = "reqnroll2", "reqnroll2.csproj", "{2E1D450A-49DF-4CFC-ADF3-4E55A924B28B}"
EndProject
Global
	GlobalSection(SolutionConfigurationPlatforms) = preSolution
		Debug|Any CPU = Debug|Any CPU
		Release|Any CPU = Release|Any CPU
	EndGlobalSection
	GlobalSection(ProjectConfigurationPlatforms) = postSolution
		{2E1D450A-49DF-4CFC-ADF3-4E55A924B28B}.Debug|Any CPU.ActiveCfg = Debug|Any CPU
		{2E1D450A-49DF-4CFC-ADF3-4E55A924B28B}.Debug|Any CPU.Build.0 = Debug|Any CPU
		{2E1D450A-49DF-4CFC-ADF3-4E55A924B28B}.Release|Any CPU.ActiveCfg = Release|Any CPU
		{2E1D450A-49DF-4CFC-ADF3-4E55A924B28B}.Release|Any CPU.Build.0 = Release|Any CPU
	EndGlobalSection
	GlobalSection(SolutionProperties) = preSolution
		HideSolutionNode = FALSE
	EndGlobalSection
	GlobalSection(ExtensibilityGlobals) = postSolution
		SolutionGuid = {36B040F1-8ED6-45D7-89D0-475084D43DB8}
	EndGlobalSection
EndGlobal
